# This file is automatically @generated by Cargo.
# It is not intended for manual editing.
version = 4

[[package]]
name = "scala-rs-backend"
version = "0.1.0"
dependencies = [
 "scala-rs-parser",
 "scala-rs-span",
 "scala-rs-typer",
]

[[package]]
name = "scala-rs-cli"
version = "0.1.0"
dependencies = [
 "scala-rs-driver",
 "scala-rs-span",
]

[[package]]
name = "scala-rs-driver"
version = "0.1.0"
dependencies = [
 "scala-rs-backend",
 "scala-rs-lexer",
 "scala-rs-parser",
 "scala-rs-span",
 "scala-rs-typer",
]

[[package]]
name = "scala-rs-lexer"
version = "0.1.0"
dependencies = [
 "scala-rs-span",
]

[[package]]
name = "scala-rs-parser"
version = "0.1.0"
dependencies = [
 "scala-rs-lexer",
 "scala-rs-span",
]

[[package]]
name = "scala-rs-span"
version = "0.1.0"

[[package]]
name = "scala-rs-typer"
version = "0.1.0"
dependencies = [
 "scala-rs-parser",
 "scala-rs-span",
]
